
Microsoft Visual Studio Solution File, Format Version 12.00
# Visual Studio Version 16
VisualStudioVersion = 16.0.30517.126
MinimumVisualStudioVersion = 10.0.40219.1
Project("{FAE04EC0-301F-11D3-BF4B-00C04F79EFBC}") = "TSS_FAMERICANA", "TSS_FAMERICANA\TSS_FAMERICANA.csproj", "{2423B667-9FFD-4EDA-B0A3-AAAF5B8C7BCC}"
EndProject
Global
	GlobalSection(SolutionConfigurationPlatforms) = preSolution
		Debug|Any CPU = Debug|Any CPU
		Release|Any CPU = Release|Any CPU
	EndGlobalSection
	GlobalSection(ProjectConfigurationPlatforms) = postSolution
		{2423B667-9FFD-4EDA-B0A3-AAAF5B8C7BCC}.Debug|Any CPU.ActiveCfg = Debug|Any CPU
		{2423B667-9FFD-4EDA-B0A3-AAAF5B8C7BCC}.Debug|Any CPU.Build.0 = Debug|Any CPU
		{2423B667-9FFD-4EDA-B0A3-AAAF5B8C7BCC}.Release|Any CPU.ActiveCfg = Release|Any CPU
		{2423B667-9FFD-4EDA-B0A3-AAAF5B8C7BCC}.Release|Any CPU.Build.0 = Release|Any CPU
	EndGlobalSection
	GlobalSection(SolutionProperties) = preSolution
		HideSolutionNode = FALSE
	EndGlobalSection
	GlobalSection(ExtensibilityGlobals) = postSolution
		SolutionGuid = {5F63C612-473D-49AB-9B25-BC41F6987203}
	EndGlobalSection
EndGlobal
